
Microsoft Visual Studio Solution File, Format Version 12.00
# Visual Studio Version 16
VisualStudioVersion = 16.0.29102.190
MinimumVisualStudioVersion = 10.0.40219.1
Project("{8BC9CEB8-8B4A-11D0-8D11-00A0C91BC942}") = "kinfinityhook", "kinfinityhook\kinfinityhook.vcxproj", "{71A0ED4D-0B55-4A92-B020-9021C86BEDA0}"
EndProject
Project("{8BC9CEB8-8B4A-11D0-8D11-00A0C91BC942}") = "libinfinityhook", "libinfinityhook\libinfinityhook.vcxproj", "{B9079C4E-D613-48C4-A649-9146B29CA9E7}"
EndProject
Global
	GlobalSection(SolutionConfigurationPlatforms) = preSolution
		Debug|x64 = Debug|x64
		Release|x64 = Release|x64
	EndGlobalSection
	GlobalSection(ProjectConfigurationPlatforms) = postSolution
		{71A0ED4D-0B55-4A92-B020-9021C86BEDA0}.Debug|x64.ActiveCfg = Debug|x64
		{71A0ED4D-0B55-4A92-B020-9021C86BEDA0}.Debug|x64.Build.0 = Debug|x64
		{71A0ED4D-0B55-4A92-B020-9021C86BEDA0}.Debug|x64.Deploy.0 = Debug|x64
		{71A0ED4D-0B55-4A92-B020-9021C86BEDA0}.Release|x64.ActiveCfg = Release|x64
		{71A0ED4D-0B55-4A92-B020-9021C86BEDA0}.Release|x64.Build.0 = Release|x64
		{71A0ED4D-0B55-4A92-B020-9021C86BEDA0}.Release|x64.Deploy.0 = Release|x64
		{B9079C4E-D613-48C4-A649-9146B29CA9E7}.Debug|x64.ActiveCfg = Debug|x64
		{B9079C4E-D613-48C4-A649-9146B29CA9E7}.Debug|x64.Build.0 = Debug|x64
		{B9079C4E-D613-48C4-A649-9146B29CA9E7}.Debug|x64.Deploy.0 = Debug|x64
		{B9079C4E-D613-48C4-A649-9146B29CA9E7}.Release|x64.ActiveCfg = Release|x64
		{B9079C4E-D613-48C4-A649-9146B29CA9E7}.Release|x64.Build.0 = Release|x64
		{B9079C4E-D613-48C4-A649-9146B29CA9E7}.Release|x64.Deploy.0 = Release|x64
	EndGlobalSection
	GlobalSection(SolutionProperties) = preSolution
		HideSolutionNode = FALSE
	EndGlobalSection
	GlobalSection(ExtensibilityGlobals) = postSolution
		SolutionGuid = {DD83D104-603B-4CE2-9025-2C4963CCFDC1}
	EndGlobalSection
EndGlobal
